
Microsoft Visual Studio Solution File, Format Version 12.00
# Visual Studio Version 16
VisualStudioVersion = 16.0.30225.117
MinimumVisualStudioVersion = 10.0.40219.1
Project("{FAE04EC0-301F-11D3-BF4B-00C04F79EFBC}") = "Checkinternet", "Lab1-winservices-task3-master\Checkinternet.csproj", "{9AD11FD3-A1E9-4EFE-8743-2818728F9792}"
EndProject
Global
	GlobalSection(SolutionConfigurationPlatforms) = preSolution
		Debug|Any CPU = Debug|Any CPU
		Release|Any CPU = Release|Any CPU
	EndGlobalSection
	GlobalSection(ProjectConfigurationPlatforms) = postSolution
		{9AD11FD3-A1E9-4EFE-8743-2818728F9792}.Debug|Any CPU.ActiveCfg = Debug|Any CPU
		{9AD11FD3-A1E9-4EFE-8743-2818728F9792}.Debug|Any CPU.Build.0 = Debug|Any CPU
		{9AD11FD3-A1E9-4EFE-8743-2818728F9792}.Release|Any CPU.ActiveCfg = Release|Any CPU
		{9AD11FD3-A1E9-4EFE-8743-2818728F9792}.Release|Any CPU.Build.0 = Release|Any CPU
	EndGlobalSection
	GlobalSection(SolutionProperties) = preSolution
		HideSolutionNode = FALSE
	EndGlobalSection
	GlobalSection(ExtensibilityGlobals) = postSolution
		SolutionGuid = {6B8E4C68-4E0D-466E-8D32-DEE026752EE0}
	EndGlobalSection
EndGlobal
